PODS:
  - AutoInsetter (1.4.1)
  - Pageboy (3.0.4)
  - Tabman (2.1.3):
    - AutoInsetter (~> 1.4.1)
    - Pageboy (~> 3.0.1)

DEPENDENCIES:
  - Pageboy (~> 3.0)
  - Tabman (~> 2.1)

SPEC REPOS:
  https://github.com/cocoapods/specs.git:
    - AutoInsetter
    - Pageboy
    - Tabman

SPEC CHECKSUMS:
  AutoInsetter: d0eafc611d686f83f925ded729084cf916a39863
  Pageboy: 0ab0515c657bf551a26e58e434f718a7ebc5819b
  Tabman: 083741793bed532032b1a010f4af3725d49fa519

PODFILE CHECKSUM: bf8f79ba3ac3f36dfed5207c3c1a42ea0a624cf5

COCOAPODS: 1.5.3
